
Microsoft Visual Studio Solution File, Format Version 12.00
Project("{FAE04EC0-301F-11D3-BF4B-00C04F79EFBC}") = "Git_Assignement_Class", "Git_Assignement_Class\Git_Assignement_Class.csproj", "{545F8BE8-6896-450D-B149-F2DFFFF492F7}"
EndProject
Global
	GlobalSection(SolutionConfigurationPlatforms) = preSolution
		Debug|Any CPU = Debug|Any CPU
		Release|Any CPU = Release|Any CPU
	EndGlobalSection
	GlobalSection(ProjectConfigurationPlatforms) = postSolution
		{545F8BE8-6896-450D-B149-F2DFFFF492F7}.Debug|Any CPU.ActiveCfg = Debug|Any CPU
		{545F8BE8-6896-450D-B149-F2DFFFF492F7}.Debug|Any CPU.Build.0 = Debug|Any CPU
		{545F8BE8-6896-450D-B149-F2DFFFF492F7}.Release|Any CPU.ActiveCfg = Release|Any CPU
		{545F8BE8-6896-450D-B149-F2DFFFF492F7}.Release|Any CPU.Build.0 = Release|Any CPU
	EndGlobalSection
EndGlobal
